// !$*UTF8*$!
{
	archiveVersion = 1;
	classes = {
	};
	objectVersion = 46;
	objects = {

/* Begin PBXBuildFile section */
		C214EC511AE6AA22002A258E /* SwiftData.swift in Sources */ = {isa = PBXBuildFile; fileRef = C21CADA51AD987F50046A3B9 /* SwiftData.swift */; };
		C214EC521AE6AA26002A258E /* SwiftDataWrapper.swift in Sources */ = {isa = PBXBuildFile; fileRef = C2C6869D1AE21DE10008A577 /* SwiftDataWrapper.swift */; };
		C21CAD5E1AD983240046A3B9 /* AppDelegate.swift in Sources */ = {isa = PBXBuildFile; fileRef = C21CAD5D1AD983240046A3B9 /* AppDelegate.swift */; };
		C21CAD601AD983240046A3B9 /* ViewController.swift in Sources */ = {isa = PBXBuildFile; fileRef = C21CAD5F1AD983240046A3B9 /* ViewController.swift */; };
		C21CAD631AD983240046A3B9 /* Main.storyboard in Resources */ = {isa = PBXBuildFile; fileRef = C21CAD611AD983240046A3B9 /* Main.storyboard */; };
		C21CAD651AD983240046A3B9 /* Images.xcassets in Resources */ = {isa = PBXBuildFile; fileRef = C21CAD641AD983240046A3B9 /* Images.xcassets */; };
		C21CAD681AD983240046A3B9 /* LaunchScreen.xib in Resources */ = {isa = PBXBuildFile; fileRef = C21CAD661AD983240046A3B9 /* LaunchScreen.xib */; };
		C21CAD741AD983240046A3B9 /* GoldWordsTests.swift in Sources */ = {isa = PBXBuildFile; fileRef = C21CAD731AD983240046A3B9 /* GoldWordsTests.swift */; };
		C21CAD871AD9838F0046A3B9 /* InterfaceController.swift in Sources */ = {isa = PBXBuildFile; fileRef = C21CAD861AD9838F0046A3B9 /* InterfaceController.swift */; };
		C21CAD891AD9838F0046A3B9 /* NotificationController.swift in Sources */ = {isa = PBXBuildFile; fileRef = C21CAD881AD9838F0046A3B9 /* NotificationController.swift */; };
		C21CAD8B1AD9838F0046A3B9 /* Images.xcassets in Resources */ = {isa = PBXBuildFile; fileRef = C21CAD8A1AD9838F0046A3B9 /* Images.xcassets */; };
		C21CAD8F1AD9838F0046A3B9 /* GoldWords WatchKit App.app in Resources */ = {isa = PBXBuildFile; fileRef = C21CAD8E1AD9838F0046A3B9 /* GoldWords WatchKit App.app */; };
		C21CAD971AD9838F0046A3B9 /* Interface.storyboard in Resources */ = {isa = PBXBuildFile; fileRef = C21CAD951AD9838F0046A3B9 /* Interface.storyboard */; };
		C21CAD991AD9838F0046A3B9 /* Images.xcassets in Resources */ = {isa = PBXBuildFile; fileRef = C21CAD981AD9838F0046A3B9 /* Images.xcassets */; };
		C21CAD9C1AD9838F0046A3B9 /* GoldWords WatchKit Extension.appex in Embed App Extensions */ = {isa = PBXBuildFile; fileRef = C21CAD811AD9838F0046A3B9 /* GoldWords WatchKit Extension.appex */; settings = {ATTRIBUTES = (RemoveHeadersOnCopy, ); }; };
		C21CADA41AD985DE0046A3B9 /* Interface.storyboard in Resources */ = {isa = PBXBuildFile; fileRef = C21CAD951AD9838F0046A3B9 /* Interface.storyboard */; };
		C21CADA81AD9889B0046A3B9 /* libsqlite3.dylib in Frameworks */ = {isa = PBXBuildFile; fileRef = C21CADA71AD9889B0046A3B9 /* libsqlite3.dylib */; };
		C2C6869E1AE21DE10008A577 /* SwiftDataWrapper.swift in Sources */ = {isa = PBXBuildFile; fileRef = C2C6869D1AE21DE10008A577 /* SwiftDataWrapper.swift */; };
		C2C6869F1AE2247D0008A577 /* SwiftData.swift in Sources */ = {isa = PBXBuildFile; fileRef = C21CADA51AD987F50046A3B9 /* SwiftData.swift */; };
		C2C686A01AE226940008A577 /* libsqlite3.dylib in Frameworks */ = {isa = PBXBuildFile; fileRef = C21CADA71AD9889B0046A3B9 /* libsqlite3.dylib */; };
/* End PBXBuildFile section */

/* Begin PBXContainerItemProxy section */
		C21CAD6E1AD983240046A3B9 /* PBXContainerItemProxy */ = {
			isa = PBXContainerItemProxy;
			containerPortal = C21CAD501AD983240046A3B9 /* Project object */;
			proxyType = 1;
			remoteGlobalIDString = C21CAD571AD983240046A3B9;
			remoteInfo = GoldWords;
		};
		C21CAD901AD9838F0046A3B9 /* PBXContainerItemProxy */ = {
			isa = PBXContainerItemProxy;
			containerPortal = C21CAD501AD983240046A3B9 /* Project object */;
			proxyType = 1;
			remoteGlobalIDString = C21CAD8D1AD9838F0046A3B9;
			remoteInfo = "GoldWords WatchKit App";
		};
		C21CAD9A1AD9838F0046A3B9 /* PBXContainerItemProxy */ = {
			isa = PBXContainerItemProxy;
			containerPortal = C21CAD501AD983240046A3B9 /* Project object */;
			proxyType = 1;
			remoteGlobalIDString = C21CAD801AD9838F0046A3B9;
			remoteInfo = "GoldWords WatchKit Extension";
		};
/* End PBXContainerItemProxy section */

/* Begin PBXCopyFilesBuildPhase section */
		C21CADA31AD9838F0046A3B9 /* Embed App Extensions */ = {
			isa = PBXCopyFilesBuildPhase;
			buildActionMask = 2147483647;
			dstPath = "";
			dstSubfolderSpec = 13;
			files = (
				C21CAD9C1AD9838F0046A3B9 /* GoldWords WatchKit Extension.appex in Embed App Extensions */,
			);
			name = "Embed App Extensions";
			runOnlyForDeploymentPostprocessing = 0;
		};
/* End PBXCopyFilesBuildPhase section */

/* Begin PBXFileReference section */
		C21CAD581AD983240046A3B9 /* GoldWords.app */ = {isa = PBXFileReference; explicitFileType = wrapper.application; includeInIndex = 0; path = GoldWords.app; sourceTree = BUILT_PRODUCTS_DIR; };
		C21CAD5C1AD983240046A3B9 /* Info.plist */ = {isa = PBXFileReference; lastKnownFileType = text.plist.xml; path = Info.plist; sourceTree = "<group>"; };
		C21CAD5D1AD983240046A3B9 /* AppDelegate.swift */ = {isa = PBXFileReference; lastKnownFileType = sourcecode.swift; path = AppDelegate.swift; sourceTree = "<group>"; };
		C21CAD5F1AD983240046A3B9 /* ViewController.swift */ = {isa = PBXFileReference; lastKnownFileType = sourcecode.swift; path = ViewController.swift; sourceTree = "<group>"; };
		C21CAD621AD983240046A3B9 /* Base */ = {isa = PBXFileReference; lastKnownFileType = file.storyboard; name = Base; path = Base.lproj/Main.storyboard; sourceTree = "<group>"; };
		C21CAD641AD983240046A3B9 /* Images.xcassets */ = {isa = PBXFileReference; lastKnownFileType = folder.assetcatalog; path = Images.xcassets; sourceTree = "<group>"; };
		C21CAD671AD983240046A3B9 /* Base */ = {isa = PBXFileReference; lastKnownFileType = file.xib; name = Base; path = Base.lproj/LaunchScreen.xib; sourceTree = "<group>"; };
		C21CAD6D1AD983240046A3B9 /* GoldWordsTests.xctest */ = {isa = PBXFileReference; explicitFileType = wrapper.cfbundle; includeInIndex = 0; path = GoldWordsTests.xctest; sourceTree = BUILT_PRODUCTS_DIR; };
		C21CAD721AD983240046A3B9 /* Info.plist */ = {isa = PBXFileReference; lastKnownFileType = text.plist.xml; path = Info.plist; sourceTree = "<group>"; };
		C21CAD731AD983240046A3B9 /* GoldWordsTests.swift */ = {isa = PBXFileReference; lastKnownFileType = sourcecode.swift; path = GoldWordsTests.swift; sourceTree = "<group>"; };
		C21CAD811AD9838F0046A3B9 /* GoldWords WatchKit Extension.appex */ = {isa = PBXFileReference; explicitFileType = "wrapper.app-extension"; includeInIndex = 0; path = "GoldWords WatchKit Extension.appex"; sourceTree = BUILT_PRODUCTS_DIR; };
		C21CAD841AD9838F0046A3B9 /* Info.plist */ = {isa = PBXFileReference; lastKnownFileType = text.plist.xml; path = Info.plist; sourceTree = "<group>"; };
		C21CAD851AD9838F0046A3B9 /* PushNotificationPayload.apns */ = {isa = PBXFileReference; lastKnownFileType = text; path = PushNotificationPayload.apns; sourceTree = "<group>"; };
		C21CAD861AD9838F0046A3B9 /* InterfaceController.swift */ = {isa = PBXFileReference; lastKnownFileType = sourcecode.swift; path = InterfaceController.swift; sourceTree = "<group>"; };
		C21CAD881AD9838F0046A3B9 /* NotificationController.swift */ = {isa = PBXFileReference; lastKnownFileType = sourcecode.swift; path = NotificationController.swift; sourceTree = "<group>"; };
		C21CAD8A1AD9838F0046A3B9 /* Images.xcassets */ = {isa = PBXFileReference; lastKnownFileType = folder.assetcatalog; path = Images.xcassets; sourceTree = "<group>"; };
		C21CAD8E1AD9838F0046A3B9 /* GoldWords WatchKit App.app */ = {isa = PBXFileReference; explicitFileType = wrapper.application; includeInIndex = 0; path = "GoldWords WatchKit App.app"; sourceTree = BUILT_PRODUCTS_DIR; };
		C21CAD941AD9838F0046A3B9 /* Info.plist */ = {isa = PBXFileReference; lastKnownFileType = text.plist.xml; path = Info.plist; sourceTree = "<group>"; };
		C21CAD961AD9838F0046A3B9 /* Base */ = {isa = PBXFileReference; lastKnownFileType = file.storyboard; name = Base; path = Base.lproj/Interface.storyboard; sourceTree = "<group>"; };
		C21CAD981AD9838F0046A3B9 /* Images.xcassets */ = {isa = PBXFileReference; lastKnownFileType = folder.assetcatalog; path = Images.xcassets; sourceTree = "<group>"; };
		C21CADA51AD987F50046A3B9 /* SwiftData.swift */ = {isa = PBXFileReference; fileEncoding = 4; lastKnownFileType = sourcecode.swift; name = SwiftData.swift; path = ../GoldWords/SwiftData.swift; sourceTree = "<group>"; };
		C21CADA71AD9889B0046A3B9 /* libsqlite3.dylib */ = {isa = PBXFileReference; lastKnownFileType = "compiled.mach-o.dylib"; name = libsqlite3.dylib; path = usr/lib/libsqlite3.dylib; sourceTree = SDKROOT; };
		C21CADA91AD989F40046A3B9 /* GoldWordsHeader-Bridging-Header.h */ = {isa = PBXFileReference; lastKnownFileType = sourcecode.c.h; name = "GoldWordsHeader-Bridging-Header.h"; path = "GoldWords/GoldWordsHeader-Bridging-Header.h"; sourceTree = "<group>"; };
		C2C6869D1AE21DE10008A577 /* SwiftDataWrapper.swift */ = {isa = PBXFileReference; fileEncoding = 4; lastKnownFileType = sourcecode.swift; path = SwiftDataWrapper.swift; sourceTree = "<group>"; };
/* End PBXFileReference section */

/* Begin PBXFrameworksBuildPhase section */
		C21CAD551AD983240046A3B9 /* Frameworks */ = {
			isa = PBXFrameworksBuildPhase;
			buildActionMask = 2147483647;
			files = (
				C21CADA81AD9889B0046A3B9 /* libsqlite3.dylib in Frameworks */,
			);
			runOnlyForDeploymentPostprocessing = 0;
		};
		C21CAD6A1AD983240046A3B9 /* Frameworks */ = {
			isa = PBXFrameworksBuildPhase;
			buildActionMask = 2147483647;
			files = (
			);
			runOnlyForDeploymentPostprocessing = 0;
		};
		C21CAD7E1AD9838F0046A3B9 /* Frameworks */ = {
			isa = PBXFrameworksBuildPhase;
			buildActionMask = 2147483647;
			files = (
				C2C686A01AE226940008A577 /* libsqlite3.dylib in Frameworks */,
			);
			runOnlyForDeploymentPostprocessing = 0;
		};
/* End PBXFrameworksBuildPhase section */

/* Begin PBXGroup section */
		C21CAD4F1AD983240046A3B9 = {
			isa = PBXGroup;
			children = (
				C21CADA71AD9889B0046A3B9 /* libsqlite3.dylib */,
				C21CADA91AD989F40046A3B9 /* GoldWordsHeader-Bridging-Header.h */,
				C21CAD5A1AD983240046A3B9 /* GoldWords */,
				C21CAD701AD983240046A3B9 /* GoldWordsTests */,
				C21CAD821AD9838F0046A3B9 /* GoldWords WatchKit Extension */,
				C21CAD921AD9838F0046A3B9 /* GoldWords WatchKit App */,
				C21CAD591AD983240046A3B9 /* Products */,
			);
			sourceTree = "<group>";
		};
		C21CAD591AD983240046A3B9 /* Products */ = {
			isa = PBXGroup;
			children = (
				C21CAD581AD983240046A3B9 /* GoldWords.app */,
				C21CAD6D1AD983240046A3B9 /* GoldWordsTests.xctest */,
				C21CAD811AD9838F0046A3B9 /* GoldWords WatchKit Extension.appex */,
				C21CAD8E1AD9838F0046A3B9 /* GoldWords WatchKit App.app */,
			);
			name = Products;
			sourceTree = "<group>";
		};
		C21CAD5A1AD983240046A3B9 /* GoldWords */ = {
			isa = PBXGroup;
			children = (
				C21CAD5D1AD983240046A3B9 /* AppDelegate.swift */,
				C21CAD5F1AD983240046A3B9 /* ViewController.swift */,
				C21CAD611AD983240046A3B9 /* Main.storyboard */,
				C21CAD641AD983240046A3B9 /* Images.xcassets */,
				C21CAD661AD983240046A3B9 /* LaunchScreen.xib */,
				C21CAD5B1AD983240046A3B9 /* Supporting Files */,
			);
			path = GoldWords;
			sourceTree = "<group>";
		};
		C21CAD5B1AD983240046A3B9 /* Supporting Files */ = {
			isa = PBXGroup;
			children = (
				C21CAD5C1AD983240046A3B9 /* Info.plist */,
			);
			name = "Supporting Files";
			sourceTree = "<group>";
		};
		C21CAD701AD983240046A3B9 /* GoldWordsTests */ = {
			isa = PBXGroup;
			children = (
				C21CAD731AD983240046A3B9 /* GoldWordsTests.swift */,
				C21CAD711AD983240046A3B9 /* Supporting Files */,
			);
			path = GoldWordsTests;
			sourceTree = "<group>";
		};
		C21CAD711AD983240046A3B9 /* Supporting Files */ = {
			isa = PBXGroup;
			children = (
				C21CAD721AD983240046A3B9 /* Info.plist */,
			);
			name = "Supporting Files";
			sourceTree = "<group>";
		};
		C21CAD821AD9838F0046A3B9 /* GoldWords WatchKit Extension */ = {
			isa = PBXGroup;
			children = (
				C21CAD861AD9838F0046A3B9 /* InterfaceController.swift */,
				C21CAD881AD9838F0046A3B9 /* NotificationController.swift */,
				C21CAD8A1AD9838F0046A3B9 /* Images.xcassets */,
				C21CAD831AD9838F0046A3B9 /* Supporting Files */,
				C2C6869D1AE21DE10008A577 /* SwiftDataWrapper.swift */,
				C21CADA51AD987F50046A3B9 /* SwiftData.swift */,
			);
			path = "GoldWords WatchKit Extension";
			sourceTree = "<group>";
		};
		C21CAD831AD9838F0046A3B9 /* Supporting Files */ = {
			isa = PBXGroup;
			children = (
				C21CAD841AD9838F0046A3B9 /* Info.plist */,
				C21CAD851AD9838F0046A3B9 /* PushNotificationPayload.apns */,
			);
			name = "Supporting Files";
			sourceTree = "<group>";
		};
		C21CAD921AD9838F0046A3B9 /* GoldWords WatchKit App */ = {
			isa = PBXGroup;
			children = (
				C21CAD951AD9838F0046A3B9 /* Interface.storyboard */,
				C21CAD981AD9838F0046A3B9 /* Images.xcassets */,
				C21CAD931AD9838F0046A3B9 /* Supporting Files */,
			);
			path = "GoldWords WatchKit App";
			sourceTree = "<group>";
		};
		C21CAD931AD9838F0046A3B9 /* Supporting Files */ = {
			isa = PBXGroup;
			children = (
				C21CAD941AD9838F0046A3B9 /* Info.plist */,
			);
			name = "Supporting Files";
			sourceTree = "<group>";
		};
/* End PBXGroup section */

/* Begin PBXNativeTarget section */
		C21CAD571AD983240046A3B9 /* GoldWords */ = {
			isa = PBXNativeTarget;
			buildConfigurationList = C21CAD771AD983240046A3B9 /* Build configuration list for PBXNativeTarget "GoldWords" */;
			buildPhases = (
				C21CAD541AD983240046A3B9 /* Sources */,
				C21CAD551AD983240046A3B9 /* Frameworks */,
				C21CAD561AD983240046A3B9 /* Resources */,
				C21CADA31AD9838F0046A3B9 /* Embed App Extensions */,
			);
			buildRules = (
			);
			dependencies = (
				C21CAD9B1AD9838F0046A3B9 /* PBXTargetDependency */,
			);
			name = GoldWords;
			productName = GoldWords;
			productReference = C21CAD581AD983240046A3B9 /* GoldWords.app */;
			productType = "com.apple.product-type.application";
		};
		C21CAD6C1AD983240046A3B9 /* GoldWordsTests */ = {
			isa = PBXNativeTarget;
			buildConfigurationList = C21CAD7A1AD983240046A3B9 /* Build configuration list for PBXNativeTarget "GoldWordsTests" */;
			buildPhases = (
				C21CAD691AD983240046A3B9 /* Sources */,
				C21CAD6A1AD983240046A3B9 /* Frameworks */,
				C21CAD6B1AD983240046A3B9 /* Resources */,
			);
			buildRules = (
			);
			dependencies = (
				C21CAD6F1AD983240046A3B9 /* PBXTargetDependency */,
			);
			name = GoldWordsTests;
			productName = GoldWordsTests;
			productReference = C21CAD6D1AD983240046A3B9 /* GoldWordsTests.xctest */;
			productType = "com.apple.product-type.bundle.unit-test";
		};
		C21CAD801AD9838F0046A3B9 /* GoldWords WatchKit Extension */ = {
			isa = PBXNativeTarget;
			buildConfigurationList = C21CADA01AD9838F0046A3B9 /* Build configuration list for PBXNativeTarget "GoldWords WatchKit Extension" */;
			buildPhases = (
				C21CAD7D1AD9838F0046A3B9 /* Sources */,
				C21CAD7E1AD9838F0046A3B9 /* Frameworks */,
				C21CAD7F1AD9838F0046A3B9 /* Resources */,
			);
			buildRules = (
			);
			dependencies = (
				C21CAD911AD9838F0046A3B9 /* PBXTargetDependency */,
			);
			name = "GoldWords WatchKit Extension";
			productName = "GoldWords WatchKit Extension";
			productReference = C21CAD811AD9838F0046A3B9 /* GoldWords WatchKit Extension.appex */;
			productType = "com.apple.product-type.watchkit-extension";
		};
		C21CAD8D1AD9838F0046A3B9 /* GoldWords WatchKit App */ = {
			isa = PBXNativeTarget;
			buildConfigurationList = C21CAD9D1AD9838F0046A3B9 /* Build configuration list for PBXNativeTarget "GoldWords WatchKit App" */;
			buildPhases = (
				C21CAD8C1AD9838F0046A3B9 /* Resources */,
			);
			buildRules = (
			);
			dependencies = (
			);
			name = "GoldWords WatchKit App";
			productName = "GoldWords WatchKit App";
			productReference = C21CAD8E1AD9838F0046A3B9 /* GoldWords WatchKit App.app */;
			productType = "com.apple.product-type.application.watchapp";
		};
/* End PBXNativeTarget section */

/* Begin PBXProject section */
		C21CAD501AD983240046A3B9 /* Project object */ = {
			isa = PBXProject;
			attributes = {
				LastUpgradeCheck = 0630;
				ORGANIZATIONNAME = yokota;
				TargetAttributes = {
					C21CAD571AD983240046A3B9 = {
						CreatedOnToolsVersion = 6.3;
					};
					C21CAD6C1AD983240046A3B9 = {
						CreatedOnToolsVersion = 6.3;
						TestTargetID = C21CAD571AD983240046A3B9;
					};
					C21CAD801AD9838F0046A3B9 = {
						CreatedOnToolsVersion = 6.3;
					};
					C21CAD8D1AD9838F0046A3B9 = {
						CreatedOnToolsVersion = 6.3;
					};
				};
			};
			buildConfigurationList = C21CAD531AD983240046A3B9 /* Build configuration list for PBXProject "GoldWords" */;
			compatibilityVersion = "Xcode 3.2";
			developmentRegion = English;
			hasScannedForEncodings = 0;
			knownRegions = (
				en,
				Base,
			);
			mainGroup = C21CAD4F1AD983240046A3B9;
			productRefGroup = C21CAD591AD983240046A3B9 /* Products */;
			projectDirPath = "";
			projectRoot = "";
			targets = (
				C21CAD571AD983240046A3B9 /* GoldWords */,
				C21CAD6C1AD983240046A3B9 /* GoldWordsTests */,
				C21CAD801AD9838F0046A3B9 /* GoldWords WatchKit Extension */,
				C21CAD8D1AD9838F0046A3B9 /* GoldWords WatchKit App */,
			);
		};
/* End PBXProject section */

/* Begin PBXResourcesBuildPhase section */
		C21CAD561AD983240046A3B9 /* Resources */ = {
			isa = PBXResourcesBuildPhase;
			buildActionMask = 2147483647;
			files = (
				C21CAD631AD983240046A3B9 /* Main.storyboard in Resources */,
				C21CAD681AD983240046A3B9 /* LaunchScreen.xib in Resources */,
				C21CAD651AD983240046A3B9 /* Images.xcassets in Resources */,
			);
			runOnlyForDeploymentPostprocessing = 0;
		};
		C21CAD6B1AD983240046A3B9 /* Resources */ = {
			isa = PBXResourcesBuildPhase;
			buildActionMask = 2147483647;
			files = (
			);
			runOnlyForDeploymentPostprocessing = 0;
		};
		C21CAD7F1AD9838F0046A3B9 /* Resources */ = {
			isa = PBXResourcesBuildPhase;
			buildActionMask = 2147483647;
			files = (
				C21CAD8F1AD9838F0046A3B9 /* GoldWords WatchKit App.app in Resources */,
				C21CADA41AD985DE0046A3B9 /* Interface.storyboard in Resources */,
				C21CAD8B1AD9838F0046A3B9 /* Images.xcassets in Resources */,
			);
			runOnlyForDeploymentPostprocessing = 0;
		};
		C21CAD8C1AD9838F0046A3B9 /* Resources */ = {
			isa = PBXResourcesBuildPhase;
			buildActionMask = 2147483647;
			files = (
				C21CAD971AD9838F0046A3B9 /* Interface.storyboard in Resources */,
				C21CAD991AD9838F0046A3B9 /* Images.xcassets in Resources */,
			);
			runOnlyForDeploymentPostprocessing = 0;
		};
/* End PBXResourcesBuildPhase section */

/* Begin PBXSourcesBuildPhase section */
		C21CAD541AD983240046A3B9 /* Sources */ = {
			isa = PBXSourcesBuildPhase;
			buildActionMask = 2147483647;
			files = (
				C21CAD601AD983240046A3B9 /* ViewController.swift in Sources */,
				C214EC521AE6AA26002A258E /* SwiftDataWrapper.swift in Sources */,
				C214EC511AE6AA22002A258E /* SwiftData.swift in Sources */,
				C21CAD5E1AD983240046A3B9 /* AppDelegate.swift in Sources */,
			);
			runOnlyForDeploymentPostprocessing = 0;
		};
		C21CAD691AD983240046A3B9 /* Sources */ = {
			isa = PBXSourcesBuildPhase;
			buildActionMask = 2147483647;
			files = (
				C21CAD741AD983240046A3B9 /* GoldWordsTests.swift in Sources */,
			);
			runOnlyForDeploymentPostprocessing = 0;
		};
		C21CAD7D1AD9838F0046A3B9 /* Sources */ = {
			isa = PBXSourcesBuildPhase;
			buildActionMask = 2147483647;
			files = (
				C21CAD891AD9838F0046A3B9 /* NotificationController.swift in Sources */,
				C2C6869F1AE2247D0008A577 /* SwiftData.swift in Sources */,
				C2C6869E1AE21DE10008A577 /* SwiftDataWrapper.swift in Sources */,
				C21CAD871AD9838F0046A3B9 /* InterfaceController.swift in Sources */,
			);
			runOnlyForDeploymentPostprocessing = 0;
		};
/* End PBXSourcesBuildPhase section */

/* Begin PBXTargetDependency section */
		C21CAD6F1AD983240046A3B9 /* PBXTargetDependency */ = {
			isa = PBXTargetDependency;
			target = C21CAD571AD983240046A3B9 /* GoldWords */;
			targetProxy = C21CAD6E1AD983240046A3B9 /* PBXContainerItemProxy */;
		};
		C21CAD911AD9838F0046A3B9 /* PBXTargetDependency */ = {
			isa = PBXTargetDependency;
			target = C21CAD8D1AD9838F0046A3B9 /* GoldWords WatchKit App */;
			targetProxy = C21CAD901AD9838F0046A3B9 /* PBXContainerItemProxy */;
		};
		C21CAD9B1AD9838F0046A3B9 /* PBXTargetDependency */ = {
			isa = PBXTargetDependency;
			target = C21CAD801AD9838F0046A3B9 /* GoldWords WatchKit Extension */;
			targetProxy = C21CAD9A1AD9838F0046A3B9 /* PBXContainerItemProxy */;
		};
/* End PBXTargetDependency section */

/* Begin PBXVariantGroup section */
		C21CAD611AD983240046A3B9 /* Main.storyboard */ = {
			isa = PBXVariantGroup;
			children = (
				C21CAD621AD983240046A3B9 /* Base */,
			);
			name = Main.storyboard;
			sourceTree = "<group>";
		};
		C21CAD661AD983240046A3B9 /* LaunchScreen.xib */ = {
			isa = PBXVariantGroup;
			children = (
				C21CAD671AD983240046A3B9 /* Base */,
			);
			name = LaunchScreen.xib;
			sourceTree = "<group>";
		};
		C21CAD951AD9838F0046A3B9 /* Interface.storyboard */ = {
			isa = PBXVariantGroup;
			children = (
				C21CAD961AD9838F0046A3B9 /* Base */,
			);
			name = Interface.storyboard;
			sourceTree = "<group>";
		};
/* End PBXVariantGroup section */

/* Begin XCBuildConfiguration section */
		C21CAD751AD983240046A3B9 /* Debug */ = {
			isa = XCBuildConfiguration;
			buildSettings = {
				ALWAYS_SEARCH_USER_PATHS = NO;
				CLANG_CXX_LANGUAGE_STANDARD = "gnu++0x";
				CLANG_CXX_LIBRARY = "libc++";
				CLANG_ENABLE_MODULES = YES;
				CLANG_ENABLE_OBJC_ARC = YES;
				CLANG_WARN_BOOL_CONVERSION = YES;
				CLANG_WARN_CONSTANT_CONVERSION = YES;
				CLANG_WARN_DIRECT_OBJC_ISA_USAGE = YES_ERROR;
				CLANG_WARN_EMPTY_BODY = YES;
				CLANG_WARN_ENUM_CONVERSION = YES;
				CLANG_WARN_INT_CONVERSION = YES;
				CLANG_WARN_OBJC_ROOT_CLASS = YES_ERROR;
				CLANG_WARN_UNREACHABLE_CODE = YES;
				CLANG_WARN__DUPLICATE_METHOD_MATCH = YES;
				"CODE_SIGN_IDENTITY[sdk=iphoneos*]" = "iPhone Developer";
				COPY_PHASE_STRIP = NO;
				DEBUG_INFORMATION_FORMAT = "dwarf-with-dsym";
				ENABLE_STRICT_OBJC_MSGSEND = YES;
				GCC_C_LANGUAGE_STANDARD = gnu99;
				GCC_DYNAMIC_NO_PIC = NO;
				GCC_NO_COMMON_BLOCKS = YES;
				GCC_OPTIMIZATION_LEVEL = 0;
				GCC_PREPROCESSOR_DEFINITIONS = (
					"DEBUG=1",
					"$(inherited)",
				);
				GCC_SYMBOLS_PRIVATE_EXTERN = NO;
				GCC_WARN_64_TO_32_BIT_CONVERSION = YES;
				GCC_WARN_ABOUT_RETURN_TYPE = YES_ERROR;
				GCC_WARN_UNDECLARED_SELECTOR = YES;
				GCC_WARN_UNINITIALIZED_AUTOS = YES_AGGRESSIVE;
				GCC_WARN_UNUSED_FUNCTION = YES;
				GCC_WARN_UNUSED_VARIABLE = YES;
				IPHONEOS_DEPLOYMENT_TARGET = 8.3;
				MTL_ENABLE_DEBUG_INFO = YES;
				ONLY_ACTIVE_ARCH = YES;
				SDKROOT = iphoneos;
				SWIFT_OPTIMIZATION_LEVEL = "-Onone";
			};
			name = Debug;
		};
		C21CAD761AD983240046A3B9 /* Release */ = {
			isa = XCBuildConfiguration;
			buildSettings = {
				ALWAYS_SEARCH_USER_PATHS = NO;
				CLANG_CXX_LANGUAGE_STANDARD = "gnu++0x";
				CLANG_CXX_LIBRARY = "libc++";
				CLANG_ENABLE_MODULES = YES;
				CLANG_ENABLE_OBJC_ARC = YES;
				CLANG_WARN_BOOL_CONVERSION = YES;
				CLANG_WARN_CONSTANT_CONVERSION = YES;
				CLANG_WARN_DIRECT_OBJC_ISA_USAGE = YES_ERROR;
				CLANG_WARN_EMPTY_BODY = YES;
				CLANG_WARN_ENUM_CONVERSION = YES;
				CLANG_WARN_INT_CONVERSION = YES;
				CLANG_WARN_OBJC_ROOT_CLASS = YES_ERROR;
				CLANG_WARN_UNREACHABLE_CODE = YES;
				CLANG_WARN__DUPLICATE_METHOD_MATCH = YES;
				"CODE_SIGN_IDENTITY[sdk=iphoneos*]" = "iPhone Developer";
				COPY_PHASE_STRIP = NO;
				DEBUG_INFORMATION_FORMAT = "dwarf-with-dsym";
				ENABLE_NS_ASSERTIONS = NO;
				ENABLE_STRICT_OBJC_MSGSEND = YES;
				GCC_C_LANGUAGE_STANDARD = gnu99;
				GCC_NO_COMMON_BLOCKS = YES;
				GCC_WARN_64_TO_32_BIT_CONVERSION = YES;
				GCC_WARN_ABOUT_RETURN_TYPE = YES_ERROR;
				GCC_WARN_UNDECLARED_SELECTOR = YES;
				GCC_WARN_UNINITIALIZED_AUTOS = YES_AGGRESSIVE;
				GCC_WARN_UNUSED_FUNCTION = YES;
				GCC_WARN_UNUSED_VARIABLE = YES;
				IPHONEOS_DEPLOYMENT_TARGET = 8.3;
				MTL_ENABLE_DEBUG_INFO = NO;
				SDKROOT = iphoneos;
				VALIDATE_PRODUCT = YES;
			};
			name = Release;
		};
		C21CAD781AD983240046A3B9 /* Debug */ = {
			isa = XCBuildConfiguration;
			buildSettings = {
				ASSETCATALOG_COMPILER_APPICON_NAME = AppIcon;
				INFOPLIST_FILE = GoldWords/Info.plist;
				LD_RUNPATH_SEARCH_PATHS = "$(inherited) @executable_path/Frameworks";
				PRODUCT_NAME = "$(TARGET_NAME)";
				SWIFT_OBJC_BRIDGING_HEADER = "GoldWords/GoldWordsHeader-Bridging-Header.h";
			};
			name = Debug;
		};
		C21CAD791AD983240046A3B9 /* Release */ = {
			isa = XCBuildConfiguration;
			buildSettings = {
				ASSETCATALOG_COMPILER_APPICON_NAME = AppIcon;
				INFOPLIST_FILE = GoldWords/Info.plist;
				LD_RUNPATH_SEARCH_PATHS = "$(inherited) @executable_path/Frameworks";
				PRODUCT_NAME = "$(TARGET_NAME)";
				SWIFT_OBJC_BRIDGING_HEADER = "GoldWords/GoldWordsHeader-Bridging-Header.h";
			};
			name = Release;
		};
		C21CAD7B1AD983240046A3B9 /* Debug */ = {
			isa = XCBuildConfiguration;
			buildSettings = {
				BUNDLE_LOADER = "$(TEST_HOST)";
				FRAMEWORK_SEARCH_PATHS = (
					"$(SDKROOT)/Developer/Library/Frameworks",
					"$(inherited)",
				);
				GCC_PREPROCESSOR_DEFINITIONS = (
					"DEBUG=1",
					"$(inherited)",
				);
				INFOPLIST_FILE = GoldWordsTests/Info.plist;
				LD_RUNPATH_SEARCH_PATHS = "$(inherited) @executable_path/Frameworks @loader_path/Frameworks";
				PRODUCT_NAME = "$(TARGET_NAME)";
				TEST_HOST = "$(BUILT_PRODUCTS_DIR)/GoldWords.app/GoldWords";
			};
			name = Debug;
		};
		C21CAD7C1AD983240046A3B9 /* Release */ = {
			isa = XCBuildConfiguration;
			buildSettings = {
				BUNDLE_LOADER = "$(TEST_HOST)";
				FRAMEWORK_SEARCH_PATHS = (
					"$(SDKROOT)/Developer/Library/Frameworks",
					"$(inherited)",
				);
				INFOPLIST_FILE = GoldWordsTests/Info.plist;
				LD_RUNPATH_SEARCH_PATHS = "$(inherited) @executable_path/Frameworks @loader_path/Frameworks";
				PRODUCT_NAME = "$(TARGET_NAME)";
				TEST_HOST = "$(BUILT_PRODUCTS_DIR)/GoldWords.app/GoldWords";
			};
			name = Release;
		};
		C21CAD9E1AD9838F0046A3B9 /* Debug */ = {
			isa = XCBuildConfiguration;
			buildSettings = {
				ASSETCATALOG_COMPILER_APPICON_NAME = AppIcon;
				GCC_PREPROCESSOR_DEFINITIONS = (
					"DEBUG=1",
					"$(inherited)",
				);
				IBSC_MODULE = GoldWords_WatchKit_Extension;
				INFOPLIST_FILE = "GoldWords WatchKit App/Info.plist";
				IPHONEOS_DEPLOYMENT_TARGET = 8.2;
				PRODUCT_NAME = "$(TARGET_NAME)";
				SKIP_INSTALL = YES;
				TARGETED_DEVICE_FAMILY = 4;
				"TARGETED_DEVICE_FAMILY[sdk=iphonesimulator*]" = "1,4";
			};
			name = Debug;
		};
		C21CAD9F1AD9838F0046A3B9 /* Release */ = {
			isa = XCBuildConfiguration;
			buildSettings = {
				ASSETCATALOG_COMPILER_APPICON_NAME = AppIcon;
				IBSC_MODULE = GoldWords_WatchKit_Extension;
				INFOPLIST_FILE = "GoldWords WatchKit App/Info.plist";
				IPHONEOS_DEPLOYMENT_TARGET = 8.2;
				PRODUCT_NAME = "$(TARGET_NAME)";
				SKIP_INSTALL = YES;
				TARGETED_DEVICE_FAMILY = 4;
				"TARGETED_DEVICE_FAMILY[sdk=iphonesimulator*]" = "1,4";
			};
			name = Release;
		};
		C21CADA11AD9838F0046A3B9 /* Debug */ = {
			isa = XCBuildConfiguration;
			buildSettings = {
				GCC_PREPROCESSOR_DEFINITIONS = (
					"DEBUG=1",
					"$(inherited)",
				);
				INFOPLIST_FILE = "GoldWords WatchKit Extension/Info.plist";
				LD_RUNPATH_SEARCH_PATHS = "$(inherited) @executable_path/Frameworks @executable_path/../../Frameworks";
				PRODUCT_NAME = "${TARGET_NAME}";
				SKIP_INSTALL = YES;
				SWIFT_OBJC_BRIDGING_HEADER = "GoldWords/GoldWordsHeader-Bridging-Header.h";
			};
			name = Debug;
		};
		C21CADA21AD9838F0046A3B9 /* Release */ = {
			isa = XCBuildConfiguration;
			buildSettings = {
				INFOPLIST_FILE = "GoldWords WatchKit Extension/Info.plist";
				LD_RUNPATH_SEARCH_PATHS = "$(inherited) @executable_path/Frameworks @executable_path/../../Frameworks";
				PRODUCT_NAME = "${TARGET_NAME}";
				SKIP_INSTALL = YES;
				SWIFT_OBJC_BRIDGING_HEADER = "GoldWords/GoldWordsHeader-Bridging-Header.h";
			};
			name = Release;
		};
/* End XCBuildConfiguration section */

/* Begin XCConfigurationList section */
		C21CAD531AD983240046A3B9 /* Build configuration list for PBXProject "GoldWords" */ = {
			isa = XCConfigurationList;
			buildConfigurations = (
				C21CAD751AD983240046A3B9 /* Debug */,
				C21CAD761AD983240046A3B9 /* Release */,
			);
			defaultConfigurationIsVisible = 0;
			defaultConfigurationName = Release;
		};
		C21CAD771AD983240046A3B9 /* Build configuration list for PBXNativeTarget "GoldWords" */ = {
			isa = XCConfigurationList;
			buildConfigurations = (
				C21CAD781AD983240046A3B9 /* Debug */,
				C21CAD791AD983240046A3B9 /* Release */,
			);
			defaultConfigurationIsVisible = 0;
			defaultConfigurationName = Release;
		};
		C21CAD7A1AD983240046A3B9 /* Build configuration list for PBXNativeTarget "GoldWordsTests" */ = {
			isa = XCConfigurationList;
			buildConfigurations = (
				C21CAD7B1AD983240046A3B9 /* Debug */,
				C21CAD7C1AD983240046A3B9 /* Release */,
			);
			defaultConfigurationIsVisible = 0;
			defaultConfigurationName = Release;
		};
		C21CAD9D1AD9838F0046A3B9 /* Build configuration list for PBXNativeTarget "GoldWords WatchKit App" */ = {
			isa = XCConfigurationList;
			buildConfigurations = (
				C21CAD9E1AD9838F0046A3B9 /* Debug */,
				C21CAD9F1AD9838F0046A3B9 /* Release */,
			);
			defaultConfigurationIsVisible = 0;
			defaultConfigurationName = Release;
		};
		C21CADA01AD9838F0046A3B9 /* Build configuration list for PBXNativeTarget "GoldWords WatchKit Extension" */ = {
			isa = XCConfigurationList;
			buildConfigurations = (
				C21CADA11AD9838F0046A3B9 /* Debug */,
				C21CADA21AD9838F0046A3B9 /* Release */,
			);
			defaultConfigurationIsVisible = 0;
			defaultConfigurationName = Release;
		};
/* End XCConfigurationList section */
	};
	rootObject = C21CAD501AD983240046A3B9 /* Project object */;
}
